
Microsoft Visual Studio Solution File, Format Version 12.00
Project("{FAE04EC0-301F-11D3-BF4B-00C04F79EFBC}") = "osuMultiplayerStats", "osuMultiplayerStats\osuMultiplayerStats.csproj", "{6A88FDCE-ED5C-46D6-B6B8-A032F906DB48}"
EndProject
Global
	GlobalSection(SolutionConfigurationPlatforms) = preSolution
		Debug|Any CPU = Debug|Any CPU
		Release|Any CPU = Release|Any CPU
	EndGlobalSection
	GlobalSection(ProjectConfigurationPlatforms) = postSolution
		{6A88FDCE-ED5C-46D6-B6B8-A032F906DB48}.Debug|Any CPU.ActiveCfg = Debug|Any CPU
		{6A88FDCE-ED5C-46D6-B6B8-A032F906DB48}.Debug|Any CPU.Build.0 = Debug|Any CPU
		{6A88FDCE-ED5C-46D6-B6B8-A032F906DB48}.Release|Any CPU.ActiveCfg = Release|Any CPU
		{6A88FDCE-ED5C-46D6-B6B8-A032F906DB48}.Release|Any CPU.Build.0 = Release|Any CPU
	EndGlobalSection
EndGlobal
